
Microsoft Visual Studio Solution File, Format Version 12.00
# Visual Studio Version 17
VisualStudioVersion = 17.9.34701.34
MinimumVisualStudioVersion = 10.0.40219.1
Project("{FAE04EC0-301F-11D3-BF4B-00C04F79EFBC}") = "ConsoleApp4", "ConsoleApp4\ConsoleApp4.csproj", "{D67F8432-98D1-46C1-932C-314CFD0AA485}"
EndProject
Global
	GlobalSection(SolutionConfigurationPlatforms) = preSolution
		Debug|Any CPU = Debug|Any CPU
		Release|Any CPU = Release|Any CPU
	EndGlobalSection
	GlobalSection(ProjectConfigurationPlatforms) = postSolution
		{D67F8432-98D1-46C1-932C-314CFD0AA485}.Debug|Any CPU.ActiveCfg = Debug|Any CPU
		{D67F8432-98D1-46C1-932C-314CFD0AA485}.Debug|Any CPU.Build.0 = Debug|Any CPU
		{D67F8432-98D1-46C1-932C-314CFD0AA485}.Release|Any CPU.ActiveCfg = Release|Any CPU
		{D67F8432-98D1-46C1-932C-314CFD0AA485}.Release|Any CPU.Build.0 = Release|Any CPU
	EndGlobalSection
	GlobalSection(SolutionProperties) = preSolution
		HideSolutionNode = FALSE
	EndGlobalSection
	GlobalSection(ExtensibilityGlobals) = postSolution
		SolutionGuid = {840334C6-A911-4F26-B8C1-2AD84FD98B15}
	EndGlobalSection
EndGlobal
